{
  "name": "adaptlearn",
  "version": "0.4.0",
  "lockfileVersion": 3,
  "requires": true,
  "packages": {
    "": {
      "name": "adaptlearn",
      "version": "0.4.0",
      "license": "Apache-2.0",
      "dependencies": {
        "litectx": "file:../litectx"
      }
    },
    "../litectx": {
      "version": "0.27.0",
      "license": "Apache-2.0",
      "dependencies": {
        "better-sqlite3": "^11.8.1",
        "web-tree-sitter": "0.22.6"
      },
      "bin": {
        "litectx": "bin/litectx.js",
        "litectx-mcp": "bin/litectx-mcp.js"
      },
      "devDependencies": {
        "@huggingface/transformers": "^4.2.0",
        "@types/node": "^22.19.19",
        "mammoth": "^1.8.0",
        "pdfjs-dist": "^4.0.0",
        "typescript": "^5.9.3"
      },
      "engines": {
        "node": ">=18"
      },
      "peerDependencies": {
        "@huggingface/transformers": "^4.2.0",
        "mammoth": "^1.8.0",
        "pdfjs-dist": "^4.0.0 || ^5.0.0 || ^6.0.0"
      },
      "peerDependenciesMeta": {
        "@huggingface/transformers": {
          "optional": true
        },
        "mammoth": {
          "optional": true
        },
        "pdfjs-dist": {
          "optional": true
        }
      }
    },
    "node_modules/litectx": {
      "resolved": "../litectx",
      "link": true
    }
  }
}
