{
  "name": "adaptlearn",
  "version": "0.10.0",
  "lockfileVersion": 3,
  "requires": true,
  "packages": {
    "": {
      "name": "adaptlearn",
      "version": "0.10.0",
      "license": "Apache-2.0",
      "dependencies": {
        "bare-agent": "file:../bareagent",
        "bareguard": "file:../bareguard",
        "litectx": "file:../litectx"
      }
    },
    "../bareagent": {
      "name": "bare-agent",
      "version": "0.26.0",
      "license": "Apache-2.0",
      "bin": {
        "bare-agent": "bin/cli.js"
      },
      "devDependencies": {
        "@types/node": "^22.19.19",
        "bareguard": "^0.9.0",
        "litectx": "^0.26.0",
        "typescript": "^5.7.0"
      },
      "engines": {
        "node": ">=18"
      },
      "optionalDependencies": {
        "barebrowse": "^0.5.0",
        "baremobile": "^0.7.0",
        "cron-parser": "^4.9.0"
      },
      "peerDependencies": {
        "bareguard": "^0.9.0",
        "better-sqlite3": ">=9.0.0"
      },
      "peerDependenciesMeta": {
        "bareguard": {
          "optional": true
        },
        "better-sqlite3": {
          "optional": true
        }
      }
    },
    "../bareguard": {
      "version": "0.12.0",
      "license": "Apache-2.0",
      "dependencies": {
        "proper-lockfile": "^4.1.2"
      },
      "devDependencies": {
        "@types/node": "^20",
        "litectx": "^0.13.0",
        "typescript": "^5.6.0"
      },
      "engines": {
        "node": ">=20"
      }
    },
    "../litectx": {
      "version": "0.27.0",
      "license": "Apache-2.0",
      "dependencies": {
        "better-sqlite3": "^11.8.1",
        "web-tree-sitter": "0.22.6"
      },
      "bin": {
        "litectx": "bin/litectx.js",
        "litectx-mcp": "bin/litectx-mcp.js"
      },
      "devDependencies": {
        "@huggingface/transformers": "^4.2.0",
        "@types/node": "^22.19.19",
        "mammoth": "^1.8.0",
        "pdfjs-dist": "^4.0.0",
        "typescript": "^5.9.3"
      },
      "engines": {
        "node": ">=18"
      },
      "peerDependencies": {
        "@huggingface/transformers": "^4.2.0",
        "mammoth": "^1.8.0",
        "pdfjs-dist": "^4.0.0 || ^5.0.0 || ^6.0.0"
      },
      "peerDependenciesMeta": {
        "@huggingface/transformers": {
          "optional": true
        },
        "mammoth": {
          "optional": true
        },
        "pdfjs-dist": {
          "optional": true
        }
      }
    },
    "node_modules/bare-agent": {
      "resolved": "../bareagent",
      "link": true
    },
    "node_modules/bareguard": {
      "resolved": "../bareguard",
      "link": true
    },
    "node_modules/litectx": {
      "resolved": "../litectx",
      "link": true
    }
  }
}
